
Microsoft Visual Studio Solution File, Format Version 12.00
# Visual Studio 15
VisualStudioVersion = 15.0.28010.2036
MinimumVisualStudioVersion = 10.0.40219.1
Project("{FAE04EC0-301F-11D3-BF4B-00C04F79EFBC}") = "07_decoding_text", "07_decoding_text\07_decoding_text.csproj", "{FD596D54-9F9F-4A4B-9266-603121F5F4D9}"
EndProject
Global
	GlobalSection(SolutionConfigurationPlatforms) = preSolution
		Debug|Any CPU = Debug|Any CPU
		Release|Any CPU = Release|Any CPU
	EndGlobalSection
	GlobalSection(ProjectConfigurationPlatforms) = postSolution
		{FD596D54-9F9F-4A4B-9266-603121F5F4D9}.Debug|Any CPU.ActiveCfg = Debug|Any CPU
		{FD596D54-9F9F-4A4B-9266-603121F5F4D9}.Debug|Any CPU.Build.0 = Debug|Any CPU
		{FD596D54-9F9F-4A4B-9266-603121F5F4D9}.Release|Any CPU.ActiveCfg = Release|Any CPU
		{FD596D54-9F9F-4A4B-9266-603121F5F4D9}.Release|Any CPU.Build.0 = Release|Any CPU
	EndGlobalSection
	GlobalSection(SolutionProperties) = preSolution
		HideSolutionNode = FALSE
	EndGlobalSection
	GlobalSection(ExtensibilityGlobals) = postSolution
		SolutionGuid = {BC633342-2116-4477-B72C-D99FE1B1BA43}
	EndGlobalSection
EndGlobal
